
Microsoft Visual Studio Solution File, Format Version 12.00
# Visual Studio Version 17
VisualStudioVersion = 17.6.33815.320
MinimumVisualStudioVersion = 10.0.40219.1
Project("{9A19103F-16F7-4668-BE54-9A1E7A4F7556}") = "Demo01Class", "Demo01Class\Demo01Class.csproj", "{7A074E23-9B80-4381-BD5B-E87BE1EA4FEE}"
EndProject
Project("{9A19103F-16F7-4668-BE54-9A1E7A4F7556}") = "Demo03Polymorphisme", "Demo03Polymorphisme\Demo03Polymorphisme.csproj", "{5B71F830-1A37-486D-A997-9BF52BB869A2}"
EndProject
Project("{9A19103F-16F7-4668-BE54-9A1E7A4F7556}") = "ExosPOO", "ExosPOO\ExosPOO.csproj", "{531CD395-DF1E-43BC-AF94-797737112797}"
EndProject
Project("{9A19103F-16F7-4668-BE54-9A1E7A4F7556}") = "ExosPOO3", "ExosPOO3\ExosPOO3.csproj", "{ECF9ABE4-6294-4C8A-A753-FFDDA4C2DF06}"
EndProject
Project("{9A19103F-16F7-4668-BE54-9A1E7A4F7556}") = "ExosPOO4", "ExosPOO4\ExosPOO4.csproj", "{E862BF23-F501-4C90-BA79-472A473553E7}"
EndProject
Project("{9A19103F-16F7-4668-BE54-9A1E7A4F7556}") = "ExosPOOPile", "ExosPOOPile\ExosPOOPile.csproj", "{A8C97CD9-8A44-44DF-B3A3-BAB21A18D84A}"
EndProject
Project("{FAE04EC0-301F-11D3-BF4B-00C04F79EFBC}") = "ExosPOOCompteBancaire", "ExosPOOCompteBancaire\ExosPOOCompteBancaire.csproj", "{EA98AB4F-8077-47C2-89D6-2254B54D053F}"
EndProject
Global
	GlobalSection(SolutionConfigurationPlatforms) = preSolution
		Debug|Any CPU = Debug|Any CPU
		Release|Any CPU = Release|Any CPU
	EndGlobalSection
	GlobalSection(ProjectConfigurationPlatforms) = postSolution
		{7A074E23-9B80-4381-BD5B-E87BE1EA4FEE}.Debug|Any CPU.ActiveCfg = Debug|Any CPU
		{7A074E23-9B80-4381-BD5B-E87BE1EA4FEE}.Debug|Any CPU.Build.0 = Debug|Any CPU
		{7A074E23-9B80-4381-BD5B-E87BE1EA4FEE}.Release|Any CPU.ActiveCfg = Release|Any CPU
		{7A074E23-9B80-4381-BD5B-E87BE1EA4FEE}.Release|Any CPU.Build.0 = Release|Any CPU
		{5B71F830-1A37-486D-A997-9BF52BB869A2}.Debug|Any CPU.ActiveCfg = Debug|Any CPU
		{5B71F830-1A37-486D-A997-9BF52BB869A2}.Debug|Any CPU.Build.0 = Debug|Any CPU
		{5B71F830-1A37-486D-A997-9BF52BB869A2}.Release|Any CPU.ActiveCfg = Release|Any CPU
		{5B71F830-1A37-486D-A997-9BF52BB869A2}.Release|Any CPU.Build.0 = Release|Any CPU
		{531CD395-DF1E-43BC-AF94-797737112797}.Debug|Any CPU.ActiveCfg = Debug|Any CPU
		{531CD395-DF1E-43BC-AF94-797737112797}.Debug|Any CPU.Build.0 = Debug|Any CPU
		{531CD395-DF1E-43BC-AF94-797737112797}.Release|Any CPU.ActiveCfg = Release|Any CPU
		{531CD395-DF1E-43BC-AF94-797737112797}.Release|Any CPU.Build.0 = Release|Any CPU
		{ECF9ABE4-6294-4C8A-A753-FFDDA4C2DF06}.Debug|Any CPU.ActiveCfg = Debug|Any CPU
		{ECF9ABE4-6294-4C8A-A753-FFDDA4C2DF06}.Debug|Any CPU.Build.0 = Debug|Any CPU
		{ECF9ABE4-6294-4C8A-A753-FFDDA4C2DF06}.Release|Any CPU.ActiveCfg = Release|Any CPU
		{ECF9ABE4-6294-4C8A-A753-FFDDA4C2DF06}.Release|Any CPU.Build.0 = Release|Any CPU
		{E862BF23-F501-4C90-BA79-472A473553E7}.Debug|Any CPU.ActiveCfg = Debug|Any CPU
		{E862BF23-F501-4C90-BA79-472A473553E7}.Debug|Any CPU.Build.0 = Debug|Any CPU
		{E862BF23-F501-4C90-BA79-472A473553E7}.Release|Any CPU.ActiveCfg = Release|Any CPU
		{E862BF23-F501-4C90-BA79-472A473553E7}.Release|Any CPU.Build.0 = Release|Any CPU
		{A8C97CD9-8A44-44DF-B3A3-BAB21A18D84A}.Debug|Any CPU.ActiveCfg = Debug|Any CPU
		{A8C97CD9-8A44-44DF-B3A3-BAB21A18D84A}.Debug|Any CPU.Build.0 = Debug|Any CPU
		{A8C97CD9-8A44-44DF-B3A3-BAB21A18D84A}.Release|Any CPU.ActiveCfg = Release|Any CPU
		{A8C97CD9-8A44-44DF-B3A3-BAB21A18D84A}.Release|Any CPU.Build.0 = Release|Any CPU
		{EA98AB4F-8077-47C2-89D6-2254B54D053F}.Debug|Any CPU.ActiveCfg = Debug|Any CPU
		{EA98AB4F-8077-47C2-89D6-2254B54D053F}.Debug|Any CPU.Build.0 = Debug|Any CPU
		{EA98AB4F-8077-47C2-89D6-2254B54D053F}.Release|Any CPU.ActiveCfg = Release|Any CPU
		{EA98AB4F-8077-47C2-89D6-2254B54D053F}.Release|Any CPU.Build.0 = Release|Any CPU
	EndGlobalSection
	GlobalSection(SolutionProperties) = preSolution
		HideSolutionNode = FALSE
	EndGlobalSection
	GlobalSection(ExtensibilityGlobals) = postSolution
		SolutionGuid = {1C7BD617-64F5-4AB9-B617-775EADE5DBDA}
	EndGlobalSection
EndGlobal
